{
    "content-hash": "e66fd5c3f8342ff9ed1f0d21aab6ef81",
    "packages": [

    ],
    "packages-dev": [
        
    ],
    "aliases": [],
    "minimum-stability": "stable",
    "stability-flags": [],
    "prefer-stable": false,
    "prefer-lowest": false,
    "platform": [],
    "platform-dev": []
}
